
Microsoft Visual Studio Solution File, Format Version 12.00
# Visual Studio 15
VisualStudioVersion = 15.0.28010.2050
MinimumVisualStudioVersion = 10.0.40219.1
Project("{FAE04EC0-301F-11D3-BF4B-00C04F79EFBC}") = "SampleProjectNunit", "SampleProjectNunit\SampleProjectNunit.csproj", "{9C6777B2-08EB-421D-8BD4-883C27C2826D}"
EndProject
Global
	GlobalSection(SolutionConfigurationPlatforms) = preSolution
		Debug|Any CPU = Debug|Any CPU
		Release|Any CPU = Release|Any CPU
	EndGlobalSection
	GlobalSection(ProjectConfigurationPlatforms) = postSolution
		{9C6777B2-08EB-421D-8BD4-883C27C2826D}.Debug|Any CPU.ActiveCfg = Debug|Any CPU
		{9C6777B2-08EB-421D-8BD4-883C27C2826D}.Debug|Any CPU.Build.0 = Debug|Any CPU
		{9C6777B2-08EB-421D-8BD4-883C27C2826D}.Release|Any CPU.ActiveCfg = Release|Any CPU
		{9C6777B2-08EB-421D-8BD4-883C27C2826D}.Release|Any CPU.Build.0 = Release|Any CPU
	EndGlobalSection
	GlobalSection(SolutionProperties) = preSolution
		HideSolutionNode = FALSE
	EndGlobalSection
	GlobalSection(ExtensibilityGlobals) = postSolution
		SolutionGuid = {CC7ECF39-7CC3-4DC2-87E9-F12104A4F817}
	EndGlobalSection
EndGlobal
