
Microsoft Visual Studio Solution File, Format Version 12.00
# Visual Studio 15
VisualStudioVersion = 15.0.28010.2050
MinimumVisualStudioVersion = 10.0.40219.1
Project("{FAE04EC0-301F-11D3-BF4B-00C04F79EFBC}") = "UnitTestProject2", "UnitTestProject2\UnitTestProject2.csproj", "{E032D7A5-3FFD-494A-AF95-78E2EFA3FF49}"
EndProject
Global
	GlobalSection(SolutionConfigurationPlatforms) = preSolution
		Debug|Any CPU = Debug|Any CPU
		Release|Any CPU = Release|Any CPU
	EndGlobalSection
	GlobalSection(ProjectConfigurationPlatforms) = postSolution
		{E032D7A5-3FFD-494A-AF95-78E2EFA3FF49}.Debug|Any CPU.ActiveCfg = Debug|Any CPU
		{E032D7A5-3FFD-494A-AF95-78E2EFA3FF49}.Debug|Any CPU.Build.0 = Debug|Any CPU
		{E032D7A5-3FFD-494A-AF95-78E2EFA3FF49}.Release|Any CPU.ActiveCfg = Release|Any CPU
		{E032D7A5-3FFD-494A-AF95-78E2EFA3FF49}.Release|Any CPU.Build.0 = Release|Any CPU
	EndGlobalSection
	GlobalSection(SolutionProperties) = preSolution
		HideSolutionNode = FALSE
	EndGlobalSection
	GlobalSection(ExtensibilityGlobals) = postSolution
		SolutionGuid = {C4277C0C-2352-42ED-8758-F280122A9E81}
	EndGlobalSection
EndGlobal
